
Microsoft Visual Studio Solution File, Format Version 12.00
# Visual Studio Version 17
VisualStudioVersion = 17.0.31903.59
MinimumVisualStudioVersion = 10.0.40219.1
Project("{2150E333-8FDC-42A3-9474-1A3956D46DE8}") = "tests", "tests", "{0AB3BF05-4346-4AA6-1389-037BE0695223}"
EndProject
Project("{FAE04EC0-301F-11D3-BF4B-00C04F79EFBC}") = "AuthService.API.Tests", "tests\AuthService.API.Tests\AuthService.API.Tests.csproj", "{6805CC4D-9587-4B80-88A9-46916B7E30B7}"
EndProject
Project("{FAE04EC0-301F-11D3-BF4B-00C04F79EFBC}") = "AuthService.Application.Tests", "tests\AuthService.Application.Tests\AuthService.Application.Tests.csproj", "{3C4C92D5-24AE-4388-B45C-D06846AC6331}"
EndProject
Project("{FAE04EC0-301F-11D3-BF4B-00C04F79EFBC}") = "AuthService.Domain.Tests", "tests\AuthService.Domain.Tests\AuthService.Domain.Tests.csproj", "{61E1CC34-737F-41E5-B4AA-B1865EB33EDA}"
EndProject
Project("{FAE04EC0-301F-11D3-BF4B-00C04F79EFBC}") = "AuthService.Infrastructure.Tests", "tests\AuthService.Infrastructure.Tests\AuthService.Infrastructure.Tests.csproj", "{54843C48-6BCE-4E53-A401-01C7FDDDEC58}"
EndProject
Project("{2150E333-8FDC-42A3-9474-1A3956D46DE8}") = "src", "src", "{02EA681E-C7D8-13C7-8484-4AC65E1B71E8}"
EndProject
Project("{FAE04EC0-301F-11D3-BF4B-00C04F79EFBC}") = "AuthService.API", "src\AuthService.API\AuthService.API.csproj", "{51C45D9C-8B31-7386-33A0-8FB8E23F2A44}"
EndProject
Project("{FAE04EC0-301F-11D3-BF4B-00C04F79EFBC}") = "AuthService.Application", "src\AuthService.Application\AuthService.Application.csproj", "{6E716F4F-DFB5-FF20-6144-80DCAF7C2ED6}"
EndProject
Project("{FAE04EC0-301F-11D3-BF4B-00C04F79EFBC}") = "AuthService.Domain", "src\AuthService.Domain\AuthService.Domain.csproj", "{419BFC7A-BA7E-CB53-4432-AA57457DC6AA}"
EndProject
Project("{FAE04EC0-301F-11D3-BF4B-00C04F79EFBC}") = "AuthService.Infrastructure", "src\AuthService.Infrastructure\AuthService.Infrastructure.csproj", "{E14B82E3-F6AD-3A9A-1EFD-D0092AA7FFA4}"
EndProject
Project("{FAE04EC0-301F-11D3-BF4B-00C04F79EFBC}") = "AuthService.Shared", "src\AuthService.Shared\AuthService.Shared.csproj", "{66934E58-1BAE-74F3-4AB3-D42BA4B07D4C}"
EndProject
Global
	GlobalSection(SolutionConfigurationPlatforms) = preSolution
		Debug|Any CPU = Debug|Any CPU
		Debug|x64 = Debug|x64
		Debug|x86 = Debug|x86
		Release|Any CPU = Release|Any CPU
		Release|x64 = Release|x64
		Release|x86 = Release|x86
	EndGlobalSection
	GlobalSection(ProjectConfigurationPlatforms) = postSolution
		{6805CC4D-9587-4B80-88A9-46916B7E30B7}.Debug|Any CPU.ActiveCfg = Debug|Any CPU
		{6805CC4D-9587-4B80-88A9-46916B7E30B7}.Debug|Any CPU.Build.0 = Debug|Any CPU
		{6805CC4D-9587-4B80-88A9-46916B7E30B7}.Debug|x64.ActiveCfg = Debug|Any CPU
		{6805CC4D-9587-4B80-88A9-46916B7E30B7}.Debug|x64.Build.0 = Debug|Any CPU
		{6805CC4D-9587-4B80-88A9-46916B7E30B7}.Debug|x86.ActiveCfg = Debug|Any CPU
		{6805CC4D-9587-4B80-88A9-46916B7E30B7}.Debug|x86.Build.0 = Debug|Any CPU
		{6805CC4D-9587-4B80-88A9-46916B7E30B7}.Release|Any CPU.ActiveCfg = Release|Any CPU
		{6805CC4D-9587-4B80-88A9-46916B7E30B7}.Release|Any CPU.Build.0 = Release|Any CPU
		{6805CC4D-9587-4B80-88A9-46916B7E30B7}.Release|x64.ActiveCfg = Release|Any CPU
		{6805CC4D-9587-4B80-88A9-46916B7E30B7}.Release|x64.Build.0 = Release|Any CPU
		{6805CC4D-9587-4B80-88A9-46916B7E30B7}.Release|x86.ActiveCfg = Release|Any CPU
		{6805CC4D-9587-4B80-88A9-46916B7E30B7}.Release|x86.Build.0 = Release|Any CPU
		{3C4C92D5-24AE-4388-B45C-D06846AC6331}.Debug|Any CPU.ActiveCfg = Debug|Any CPU
		{3C4C92D5-24AE-4388-B45C-D06846AC6331}.Debug|Any CPU.Build.0 = Debug|Any CPU
		{3C4C92D5-24AE-4388-B45C-D06846AC6331}.Debug|x64.ActiveCfg = Debug|Any CPU
		{3C4C92D5-24AE-4388-B45C-D06846AC6331}.Debug|x64.Build.0 = Debug|Any CPU
		{3C4C92D5-24AE-4388-B45C-D06846AC6331}.Debug|x86.ActiveCfg = Debug|Any CPU
		{3C4C92D5-24AE-4388-B45C-D06846AC6331}.Debug|x86.Build.0 = Debug|Any CPU
		{3C4C92D5-24AE-4388-B45C-D06846AC6331}.Release|Any CPU.ActiveCfg = Release|Any CPU
		{3C4C92D5-24AE-4388-B45C-D06846AC6331}.Release|Any CPU.Build.0 = Release|Any CPU
		{3C4C92D5-24AE-4388-B45C-D06846AC6331}.Release|x64.ActiveCfg = Release|Any CPU
		{3C4C92D5-24AE-4388-B45C-D06846AC6331}.Release|x64.Build.0 = Release|Any CPU
		{3C4C92D5-24AE-4388-B45C-D06846AC6331}.Release|x86.ActiveCfg = Release|Any CPU
		{3C4C92D5-24AE-4388-B45C-D06846AC6331}.Release|x86.Build.0 = Release|Any CPU
		{61E1CC34-737F-41E5-B4AA-B1865EB33EDA}.Debug|Any CPU.ActiveCfg = Debug|Any CPU
		{61E1CC34-737F-41E5-B4AA-B1865EB33EDA}.Debug|Any CPU.Build.0 = Debug|Any CPU
		{61E1CC34-737F-41E5-B4AA-B1865EB33EDA}.Debug|x64.ActiveCfg = Debug|Any CPU
		{61E1CC34-737F-41E5-B4AA-B1865EB33EDA}.Debug|x64.Build.0 = Debug|Any CPU
		{61E1CC34-737F-41E5-B4AA-B1865EB33EDA}.Debug|x86.ActiveCfg = Debug|Any CPU
		{61E1CC34-737F-41E5-B4AA-B1865EB33EDA}.Debug|x86.Build.0 = Debug|Any CPU
		{61E1CC34-737F-41E5-B4AA-B1865EB33EDA}.Release|Any CPU.ActiveCfg = Release|Any CPU
		{61E1CC34-737F-41E5-B4AA-B1865EB33EDA}.Release|Any CPU.Build.0 = Release|Any CPU
		{61E1CC34-737F-41E5-B4AA-B1865EB33EDA}.Release|x64.ActiveCfg = Release|Any CPU
		{61E1CC34-737F-41E5-B4AA-B1865EB33EDA}.Release|x64.Build.0 = Release|Any CPU
		{61E1CC34-737F-41E5-B4AA-B1865EB33EDA}.Release|x86.ActiveCfg = Release|Any CPU
		{61E1CC34-737F-41E5-B4AA-B1865EB33EDA}.Release|x86.Build.0 = Release|Any CPU
		{54843C48-6BCE-4E53-A401-01C7FDDDEC58}.Debug|Any CPU.ActiveCfg = Debug|Any CPU
		{54843C48-6BCE-4E53-A401-01C7FDDDEC58}.Debug|Any CPU.Build.0 = Debug|Any CPU
		{54843C48-6BCE-4E53-A401-01C7FDDDEC58}.Debug|x64.ActiveCfg = Debug|Any CPU
		{54843C48-6BCE-4E53-A401-01C7FDDDEC58}.Debug|x64.Build.0 = Debug|Any CPU
		{54843C48-6BCE-4E53-A401-01C7FDDDEC58}.Debug|x86.ActiveCfg = Debug|Any CPU
		{54843C48-6BCE-4E53-A401-01C7FDDDEC58}.Debug|x86.Build.0 = Debug|Any CPU
		{54843C48-6BCE-4E53-A401-01C7FDDDEC58}.Release|Any CPU.ActiveCfg = Release|Any CPU
		{54843C48-6BCE-4E53-A401-01C7FDDDEC58}.Release|Any CPU.Build.0 = Release|Any CPU
		{54843C48-6BCE-4E53-A401-01C7FDDDEC58}.Release|x64.ActiveCfg = Release|Any CPU
		{54843C48-6BCE-4E53-A401-01C7FDDDEC58}.Release|x64.Build.0 = Release|Any CPU
		{54843C48-6BCE-4E53-A401-01C7FDDDEC58}.Release|x86.ActiveCfg = Release|Any CPU
		{54843C48-6BCE-4E53-A401-01C7FDDDEC58}.Release|x86.Build.0 = Release|Any CPU
		{51C45D9C-8B31-7386-33A0-8FB8E23F2A44}.Debug|Any CPU.ActiveCfg = Debug|Any CPU
		{51C45D9C-8B31-7386-33A0-8FB8E23F2A44}.Debug|Any CPU.Build.0 = Debug|Any CPU
		{51C45D9C-8B31-7386-33A0-8FB8E23F2A44}.Debug|x64.ActiveCfg = Debug|Any CPU
		{51C45D9C-8B31-7386-33A0-8FB8E23F2A44}.Debug|x64.Build.0 = Debug|Any CPU
		{51C45D9C-8B31-7386-33A0-8FB8E23F2A44}.Debug|x86.ActiveCfg = Debug|Any CPU
		{51C45D9C-8B31-7386-33A0-8FB8E23F2A44}.Debug|x86.Build.0 = Debug|Any CPU
		{51C45D9C-8B31-7386-33A0-8FB8E23F2A44}.Release|Any CPU.ActiveCfg = Release|Any CPU
		{51C45D9C-8B31-7386-33A0-8FB8E23F2A44}.Release|Any CPU.Build.0 = Release|Any CPU
		{51C45D9C-8B31-7386-33A0-8FB8E23F2A44}.Release|x64.ActiveCfg = Release|Any CPU
		{51C45D9C-8B31-7386-33A0-8FB8E23F2A44}.Release|x64.Build.0 = Release|Any CPU
		{51C45D9C-8B31-7386-33A0-8FB8E23F2A44}.Release|x86.ActiveCfg = Release|Any CPU
		{51C45D9C-8B31-7386-33A0-8FB8E23F2A44}.Release|x86.Build.0 = Release|Any CPU
		{6E716F4F-DFB5-FF20-6144-80DCAF7C2ED6}.Debug|Any CPU.ActiveCfg = Debug|Any CPU
		{6E716F4F-DFB5-FF20-6144-80DCAF7C2ED6}.Debug|Any CPU.Build.0 = Debug|Any CPU
		{6E716F4F-DFB5-FF20-6144-80DCAF7C2ED6}.Debug|x64.ActiveCfg = Debug|Any CPU
		{6E716F4F-DFB5-FF20-6144-80DCAF7C2ED6}.Debug|x64.Build.0 = Debug|Any CPU
		{6E716F4F-DFB5-FF20-6144-80DCAF7C2ED6}.Debug|x86.ActiveCfg = Debug|Any CPU
		{6E716F4F-DFB5-FF20-6144-80DCAF7C2ED6}.Debug|x86.Build.0 = Debug|Any CPU
		{6E716F4F-DFB5-FF20-6144-80DCAF7C2ED6}.Release|Any CPU.ActiveCfg = Release|Any CPU
		{6E716F4F-DFB5-FF20-6144-80DCAF7C2ED6}.Release|Any CPU.Build.0 = Release|Any CPU
		{6E716F4F-DFB5-FF20-6144-80DCAF7C2ED6}.Release|x64.ActiveCfg = Release|Any CPU
		{6E716F4F-DFB5-FF20-6144-80DCAF7C2ED6}.Release|x64.Build.0 = Release|Any CPU
		{6E716F4F-DFB5-FF20-6144-80DCAF7C2ED6}.Release|x86.ActiveCfg = Release|Any CPU
		{6E716F4F-DFB5-FF20-6144-80DCAF7C2ED6}.Release|x86.Build.0 = Release|Any CPU
		{419BFC7A-BA7E-CB53-4432-AA57457DC6AA}.Debug|Any CPU.ActiveCfg = Debug|Any CPU
		{419BFC7A-BA7E-CB53-4432-AA57457DC6AA}.Debug|Any CPU.Build.0 = Debug|Any CPU
		{419BFC7A-BA7E-CB53-4432-AA57457DC6AA}.Debug|x64.ActiveCfg = Debug|Any CPU
		{419BFC7A-BA7E-CB53-4432-AA57457DC6AA}.Debug|x64.Build.0 = Debug|Any CPU
		{419BFC7A-BA7E-CB53-4432-AA57457DC6AA}.Debug|x86.ActiveCfg = Debug|Any CPU
		{419BFC7A-BA7E-CB53-4432-AA57457DC6AA}.Debug|x86.Build.0 = Debug|Any CPU
		{419BFC7A-BA7E-CB53-4432-AA57457DC6AA}.Release|Any CPU.ActiveCfg = Release|Any CPU
		{419BFC7A-BA7E-CB53-4432-AA57457DC6AA}.Release|Any CPU.Build.0 = Release|Any CPU
		{419BFC7A-BA7E-CB53-4432-AA57457DC6AA}.Release|x64.ActiveCfg = Release|Any CPU
		{419BFC7A-BA7E-CB53-4432-AA57457DC6AA}.Release|x64.Build.0 = Release|Any CPU
		{419BFC7A-BA7E-CB53-4432-AA57457DC6AA}.Release|x86.ActiveCfg = Release|Any CPU
		{419BFC7A-BA7E-CB53-4432-AA57457DC6AA}.Release|x86.Build.0 = Release|Any CPU
		{E14B82E3-F6AD-3A9A-1EFD-D0092AA7FFA4}.Debug|Any CPU.ActiveCfg = Debug|Any CPU
		{E14B82E3-F6AD-3A9A-1EFD-D0092AA7FFA4}.Debug|Any CPU.Build.0 = Debug|Any CPU
		{E14B82E3-F6AD-3A9A-1EFD-D0092AA7FFA4}.Debug|x64.ActiveCfg = Debug|Any CPU
		{E14B82E3-F6AD-3A9A-1EFD-D0092AA7FFA4}.Debug|x64.Build.0 = Debug|Any CPU
		{E14B82E3-F6AD-3A9A-1EFD-D0092AA7FFA4}.Debug|x86.ActiveCfg = Debug|Any CPU
		{E14B82E3-F6AD-3A9A-1EFD-D0092AA7FFA4}.Debug|x86.Build.0 = Debug|Any CPU
		{E14B82E3-F6AD-3A9A-1EFD-D0092AA7FFA4}.Release|Any CPU.ActiveCfg = Release|Any CPU
		{E14B82E3-F6AD-3A9A-1EFD-D0092AA7FFA4}.Release|Any CPU.Build.0 = Release|Any CPU
		{E14B82E3-F6AD-3A9A-1EFD-D0092AA7FFA4}.Release|x64.ActiveCfg = Release|Any CPU
		{E14B82E3-F6AD-3A9A-1EFD-D0092AA7FFA4}.Release|x64.Build.0 = Release|Any CPU
		{E14B82E3-F6AD-3A9A-1EFD-D0092AA7FFA4}.Release|x86.ActiveCfg = Release|Any CPU
		{E14B82E3-F6AD-3A9A-1EFD-D0092AA7FFA4}.Release|x86.Build.0 = Release|Any CPU
		{66934E58-1BAE-74F3-4AB3-D42BA4B07D4C}.Debug|Any CPU.ActiveCfg = Debug|Any CPU
		{66934E58-1BAE-74F3-4AB3-D42BA4B07D4C}.Debug|Any CPU.Build.0 = Debug|Any CPU
		{66934E58-1BAE-74F3-4AB3-D42BA4B07D4C}.Debug|x64.ActiveCfg = Debug|Any CPU
		{66934E58-1BAE-74F3-4AB3-D42BA4B07D4C}.Debug|x64.Build.0 = Debug|Any CPU
		{66934E58-1BAE-74F3-4AB3-D42BA4B07D4C}.Debug|x86.ActiveCfg = Debug|Any CPU
		{66934E58-1BAE-74F3-4AB3-D42BA4B07D4C}.Debug|x86.Build.0 = Debug|Any CPU
		{66934E58-1BAE-74F3-4AB3-D42BA4B07D4C}.Release|Any CPU.ActiveCfg = Release|Any CPU
		{66934E58-1BAE-74F3-4AB3-D42BA4B07D4C}.Release|Any CPU.Build.0 = Release|Any CPU
		{66934E58-1BAE-74F3-4AB3-D42BA4B07D4C}.Release|x64.ActiveCfg = Release|Any CPU
		{66934E58-1BAE-74F3-4AB3-D42BA4B07D4C}.Release|x64.Build.0 = Release|Any CPU
		{66934E58-1BAE-74F3-4AB3-D42BA4B07D4C}.Release|x86.ActiveCfg = Release|Any CPU
		{66934E58-1BAE-74F3-4AB3-D42BA4B07D4C}.Release|x86.Build.0 = Release|Any CPU
	EndGlobalSection
	GlobalSection(SolutionProperties) = preSolution
		HideSolutionNode = FALSE
	EndGlobalSection
	GlobalSection(NestedProjects) = preSolution
		{6805CC4D-9587-4B80-88A9-46916B7E30B7} = {0AB3BF05-4346-4AA6-1389-037BE0695223}
		{3C4C92D5-24AE-4388-B45C-D06846AC6331} = {0AB3BF05-4346-4AA6-1389-037BE0695223}
		{61E1CC34-737F-41E5-B4AA-B1865EB33EDA} = {0AB3BF05-4346-4AA6-1389-037BE0695223}
		{54843C48-6BCE-4E53-A401-01C7FDDDEC58} = {0AB3BF05-4346-4AA6-1389-037BE0695223}
		{51C45D9C-8B31-7386-33A0-8FB8E23F2A44} = {02EA681E-C7D8-13C7-8484-4AC65E1B71E8}
		{6E716F4F-DFB5-FF20-6144-80DCAF7C2ED6} = {02EA681E-C7D8-13C7-8484-4AC65E1B71E8}
		{419BFC7A-BA7E-CB53-4432-AA57457DC6AA} = {02EA681E-C7D8-13C7-8484-4AC65E1B71E8}
		{E14B82E3-F6AD-3A9A-1EFD-D0092AA7FFA4} = {02EA681E-C7D8-13C7-8484-4AC65E1B71E8}
		{66934E58-1BAE-74F3-4AB3-D42BA4B07D4C} = {02EA681E-C7D8-13C7-8484-4AC65E1B71E8}
	EndGlobalSection
	GlobalSection(ExtensibilityGlobals) = postSolution
		SolutionGuid = {4646B45A-4875-46CE-BA8B-13B2F0B952D6}
	EndGlobalSection
EndGlobal
